<?xml version="1.0" encoding="utf-8"?>
<Project ToolsVersion="4.0" xmlns="http://schemas.microsoft.com/developer/msbuild/2003">
  <ItemGroup>
    <Filter Include="Source Files">
      <UniqueIdentifier>{4FC737F1-C7A5-4376-A066-2A32D752A2FF}</UniqueIdentifier>
      <Extensions>cpp;c;cc;cxx;def;odl;idl;hpj;bat;asm;asmx</Extensions>
    </Filter>
    <Filter Include="Header Files">
      <UniqueIdentifier>{93995380-89BD-4b04-88EB-625FBE52EBFB}</UniqueIdentifier>
      <Extensions>h;hpp;hxx;hm;inl;inc;xsd</Extensions>
    </Filter>
    <Filter Include="Resource Files">
      <UniqueIdentifier>{67DA6AB6-F800-4c08-8B7A-83BB121AAD01}</UniqueIdentifier>
      <Extensions>rc;ico;cur;bmp;dlg;rc2;rct;bin;rgs;gif;jpg;jpeg;jpe;resx;tiff;tif;png;wav;mfcribbon-ms</Extensions>
    </Filter>
  </ItemGroup>
  <ItemGroup>
    <ClCompile Include="..\src\brcut.c">
      <Filter>Source Files</Filter>
    </ClCompile>
    <ClCompile Include="..\src\congruen.c">
      <Filter>Source Files</Filter>
    </ClCompile>
    <ClCompile Include="..\src\dct.c">
      <Filter>Source Files</Filter>
    </ClCompile>
    <ClCompile Include="..\src\dipole.c">
      <Filter>Source Files</Filter>
    </ClCompile>
    <ClCompile Include="..\src\dxdygrad.c">
      <Filter>Source Files</Filter>
    </ClCompile>
    <ClCompile Include="..\src\extract.c">
      <Filter>Source Files</Filter>
    </ClCompile>
    <ClCompile Include="..\src\flynn.c">
      <Filter>Source Files</Filter>
    </ClCompile>
    <ClCompile Include="..\src\fmg.c">
      <Filter>Source Files</Filter>
    </ClCompile>
    <ClCompile Include="..\src\getqual.c">
      <Filter>Source Files</Filter>
    </ClCompile>
    <ClCompile Include="..\src\gold.c">
      <Filter>Source Files</Filter>
    </ClCompile>
    <ClCompile Include="..\src\grad.c">
      <Filter>Source Files</Filter>
    </ClCompile>
    <ClCompile Include="..\src\grid.c">
      <Filter>Source Files</Filter>
    </ClCompile>
    <ClCompile Include="..\src\gridmem.c">
      <Filter>Source Files</Filter>
    </ClCompile>
    <ClCompile Include="..\src\gridops.c">
      <Filter>Source Files</Filter>
    </ClCompile>
    <ClCompile Include="..\src\histo.c">
      <Filter>Source Files</Filter>
    </ClCompile>
    <ClCompile Include="..\src\laplace.c">
      <Filter>Source Files</Filter>
    </ClCompile>
    <ClCompile Include="..\src\list.c">
      <Filter>Source Files</Filter>
    </ClCompile>
    <ClCompile Include="..\src\lpnorm.c">
      <Filter>Source Files</Filter>
    </ClCompile>
    <ClCompile Include="..\src\maskcut.c">
      <Filter>Source Files</Filter>
    </ClCompile>
    <ClCompile Include="..\src\maskfat.c">
      <Filter>Source Files</Filter>
    </ClCompile>
    <ClCompile Include="..\src\maskthin.c">
      <Filter>Source Files</Filter>
    </ClCompile>
    <ClCompile Include="..\src\path.c">
      <Filter>Source Files</Filter>
    </ClCompile>
    <ClCompile Include="..\src\pcg.c">
      <Filter>Source Files</Filter>
    </ClCompile>
    <ClCompile Include="..\src\qualgrad.c">
      <Filter>Source Files</Filter>
    </ClCompile>
    <ClCompile Include="..\src\quality.c">
      <Filter>Source Files</Filter>
    </ClCompile>
    <ClCompile Include="..\src\qualpseu.c">
      <Filter>Source Files</Filter>
    </ClCompile>
    <ClCompile Include="..\src\qualvar.c">
      <Filter>Source Files</Filter>
    </ClCompile>
    <ClCompile Include="..\src\raster.c">
      <Filter>Source Files</Filter>
    </ClCompile>
    <ClCompile Include="..\src\relax.c">
      <Filter>Source Files</Filter>
    </ClCompile>
    <ClCompile Include="..\src\residues.c">
      <Filter>Source Files</Filter>
    </ClCompile>
    <ClCompile Include="..\src\solncos.c">
      <Filter>Source Files</Filter>
    </ClCompile>
    <ClCompile Include="..\src\trees.c">
      <Filter>Source Files</Filter>
    </ClCompile>
    <ClCompile Include="..\src\unfmg.c">
      <Filter>Source Files</Filter>
    </ClCompile>
    <ClCompile Include="..\src\ungrid.c">
      <Filter>Source Files</Filter>
    </ClCompile>
    <ClCompile Include="..\src\util.c">
      <Filter>Source Files</Filter>
    </ClCompile>
    <ClCompile Include="..\src\view.c">
      <Filter>Source Files</Filter>
    </ClCompile>
    <ClCompile Include="..\src\PUFlynMdMex.c">
      <Filter>Source Files</Filter>
    </ClCompile>
  </ItemGroup>
</Project>